{
  "name": "bastajko.github.io",
  "lockfileVersion": 3,
  "requires": true,
  "packages": {
    "": {
      "devDependencies": {
        "@types/toastify-js": "^1.12.4"
      }
    },
    "node_modules/@types/toastify-js": {
      "version": "1.12.4",
      "resolved": "https://registry.npmjs.org/@types/toastify-js/-/toastify-js-1.12.4.tgz",
      "integrity": "sha512-zfZHU4tKffPCnZRe7pjv/eFKzTVHozKewFCKaCjZ4gFinKgJRz/t0bkZiMCXJxPhv/ZoeDGNOeRD09R0kQZ/nw==",
      "dev": true
    }
  }
}
